// !$*UTF8*$!
{
	archiveVersion = 1;
	classes = {
	};
	objectVersion = 50;
	objects = {

/* Begin PBXBuildFile section */
		9851A9D5242B04E30047F646 /* AppDelegate.swift in Sources */ = {isa = PBXBuildFile; fileRef = 9851A9D4242B04E30047F646 /* AppDelegate.swift */; };
		9851A9D7242B04E30047F646 /* SceneDelegate.swift in Sources */ = {isa = PBXBuildFile; fileRef = 9851A9D6242B04E30047F646 /* SceneDelegate.swift */; };
		9851A9D9242B04E30047F646 /* ViewController.swift in Sources */ = {isa = PBXBuildFile; fileRef = 9851A9D8242B04E30047F646 /* ViewController.swift */; };
		9851A9DC242B04E30047F646 /* Main.storyboard in Resources */ = {isa = PBXBuildFile; fileRef = 9851A9DA242B04E30047F646 /* Main.storyboard */; };
		9851A9DE242B04E40047F646 /* Assets.xcassets in Resources */ = {isa = PBXBuildFile; fileRef = 9851A9DD242B04E40047F646 /* Assets.xcassets */; };
		9851A9E1242B04E40047F646 /* LaunchScreen.storyboard in Resources */ = {isa = PBXBuildFile; fileRef = 9851A9DF242B04E40047F646 /* LaunchScreen.storyboard */; };
		9851A9EC242B04E40047F646 /* Casale_Ballot_ProjectTests.swift in Sources */ = {isa = PBXBuildFile; fileRef = 9851A9EB242B04E40047F646 /* Casale_Ballot_ProjectTests.swift */; };
		9851A9F7242B04E40047F646 /* Casale_Ballot_ProjectUITests.swift in Sources */ = {isa = PBXBuildFile; fileRef = 9851A9F6242B04E40047F646 /* Casale_Ballot_ProjectUITests.swift */; };
/* End PBXBuildFile section */

/* Begin PBXContainerItemProxy section */
		9851A9E8242B04E40047F646 /* PBXContainerItemProxy */ = {
			isa = PBXContainerItemProxy;
			containerPortal = 9851A9C9242B04E20047F646 /* Project object */;
			proxyType = 1;
			remoteGlobalIDString = 9851A9D0242B04E20047F646;
			remoteInfo = "Casale Ballot Project";
		};
		9851A9F3242B04E40047F646 /* PBXContainerItemProxy */ = {
			isa = PBXContainerItemProxy;
			containerPortal = 9851A9C9242B04E20047F646 /* Project object */;
			proxyType = 1;
			remoteGlobalIDString = 9851A9D0242B04E20047F646;
			remoteInfo = "Casale Ballot Project";
		};
/* End PBXContainerItemProxy section */

/* Begin PBXFileReference section */
		9851A9D1242B04E30047F646 /* Casale Ballot Project.app */ = {isa = PBXFileReference; explicitFileType = wrapper.application; includeInIndex = 0; path = "Casale Ballot Project.app"; sourceTree = BUILT_PRODUCTS_DIR; };
		9851A9D4242B04E30047F646 /* AppDelegate.swift */ = {isa = PBXFileReference; lastKnownFileType = sourcecode.swift; path = AppDelegate.swift; sourceTree = "<group>"; };
		9851A9D6242B04E30047F646 /* SceneDelegate.swift */ = {isa = PBXFileReference; lastKnownFileType = sourcecode.swift; path = SceneDelegate.swift; sourceTree = "<group>"; };
		9851A9D8242B04E30047F646 /* ViewController.swift */ = {isa = PBXFileReference; lastKnownFileType = sourcecode.swift; path = ViewController.swift; sourceTree = "<group>"; };
		9851A9DB242B04E30047F646 /* Base */ = {isa = PBXFileReference; lastKnownFileType = file.storyboard; name = Base; path = Base.lproj/Main.storyboard; sourceTree = "<group>"; };
		9851A9DD242B04E40047F646 /* Assets.xcassets */ = {isa = PBXFileReference; lastKnownFileType = folder.assetcatalog; path = Assets.xcassets; sourceTree = "<group>"; };
		9851A9E0242B04E40047F646 /* Base */ = {isa = PBXFileReference; lastKnownFileType = file.storyboard; name = Base; path = Base.lproj/LaunchScreen.storyboard; sourceTree = "<group>"; };
		9851A9E2242B04E40047F646 /* Info.plist */ = {isa = PBXFileReference; lastKnownFileType = text.plist.xml; path = Info.plist; sourceTree = "<group>"; };
		9851A9E7242B04E40047F646 /* Casale Ballot ProjectTests.xctest */ = {isa = PBXFileReference; explicitFileType = wrapper.cfbundle; includeInIndex = 0; path = "Casale Ballot ProjectTests.xctest"; sourceTree = BUILT_PRODUCTS_DIR; };
		9851A9EB242B04E40047F646 /* Casale_Ballot_ProjectTests.swift */ = {isa = PBXFileReference; lastKnownFileType = sourcecode.swift; path = Casale_Ballot_ProjectTests.swift; sourceTree = "<group>"; };
		9851A9ED242B04E40047F646 /* Info.plist */ = {isa = PBXFileReference; lastKnownFileType = text.plist.xml; path = Info.plist; sourceTree = "<group>"; };
		9851A9F2242B04E40047F646 /* Casale Ballot ProjectUITests.xctest */ = {isa = PBXFileReference; explicitFileType = wrapper.cfbundle; includeInIndex = 0; path = "Casale Ballot ProjectUITests.xctest"; sourceTree = BUILT_PRODUCTS_DIR; };
		9851A9F6242B04E40047F646 /* Casale_Ballot_ProjectUITests.swift */ = {isa = PBXFileReference; lastKnownFileType = sourcecode.swift; path = Casale_Ballot_ProjectUITests.swift; sourceTree = "<group>"; };
		9851A9F8242B04E40047F646 /* Info.plist */ = {isa = PBXFileReference; lastKnownFileType = text.plist.xml; path = Info.plist; sourceTree = "<group>"; };
/* End PBXFileReference section */

/* Begin PBXFrameworksBuildPhase section */
		9851A9CE242B04E20047F646 /* Frameworks */ = {
			isa = PBXFrameworksBuildPhase;
			buildActionMask = 2147483647;
			files = (
			);
			runOnlyForDeploymentPostprocessing = 0;
		};
		9851A9E4242B04E40047F646 /* Frameworks */ = {
			isa = PBXFrameworksBuildPhase;
			buildActionMask = 2147483647;
			files = (
			);
			runOnlyForDeploymentPostprocessing = 0;
		};
		9851A9EF242B04E40047F646 /* Frameworks */ = {
			isa = PBXFrameworksBuildPhase;
			buildActionMask = 2147483647;
			files = (
			);
			runOnlyForDeploymentPostprocessing = 0;
		};
/* End PBXFrameworksBuildPhase section */

/* Begin PBXGroup section */
		9851A9C8242B04E20047F646 = {
			isa = PBXGroup;
			children = (
				9851A9D3242B04E30047F646 /* Casale Ballot Project */,
				9851A9EA242B04E40047F646 /* Casale Ballot ProjectTests */,
				9851A9F5242B04E40047F646 /* Casale Ballot ProjectUITests */,
				9851A9D2242B04E30047F646 /* Products */,
			);
			sourceTree = "<group>";
		};
		9851A9D2242B04E30047F646 /* Products */ = {
			isa = PBXGroup;
			children = (
				9851A9D1242B04E30047F646 /* Casale Ballot Project.app */,
				9851A9E7242B04E40047F646 /* Casale Ballot ProjectTests.xctest */,
				9851A9F2242B04E40047F646 /* Casale Ballot ProjectUITests.xctest */,
			);
			name = Products;
			sourceTree = "<group>";
		};
		9851A9D3242B04E30047F646 /* Casale Ballot Project */ = {
			isa = PBXGroup;
			children = (
				9851A9D4242B04E30047F646 /* AppDelegate.swift */,
				9851A9D6242B04E30047F646 /* SceneDelegate.swift */,
				9851A9D8242B04E30047F646 /* ViewController.swift */,
				9851A9DA242B04E30047F646 /* Main.storyboard */,
				9851A9DD242B04E40047F646 /* Assets.xcassets */,
				9851A9DF242B04E40047F646 /* LaunchScreen.storyboard */,
				9851A9E2242B04E40047F646 /* Info.plist */,
			);
			path = "Casale Ballot Project";
			sourceTree = "<group>";
		};
		9851A9EA242B04E40047F646 /* Casale Ballot ProjectTests */ = {
			isa = PBXGroup;
			children = (
				9851A9EB242B04E40047F646 /* Casale_Ballot_ProjectTests.swift */,
				9851A9ED242B04E40047F646 /* Info.plist */,
			);
			path = "Casale Ballot ProjectTests";
			sourceTree = "<group>";
		};
		9851A9F5242B04E40047F646 /* Casale Ballot ProjectUITests */ = {
			isa = PBXGroup;
			children = (
				9851A9F6242B04E40047F646 /* Casale_Ballot_ProjectUITests.swift */,
				9851A9F8242B04E40047F646 /* Info.plist */,
			);
			path = "Casale Ballot ProjectUITests";
			sourceTree = "<group>";
		};
/* End PBXGroup section */

/* Begin PBXNativeTarget section */
		9851A9D0242B04E20047F646 /* Casale Ballot Project */ = {
			isa = PBXNativeTarget;
			buildConfigurationList = 9851A9FB242B04E40047F646 /* Build configuration list for PBXNativeTarget "Casale Ballot Project" */;
			buildPhases = (
				9851A9CD242B04E20047F646 /* Sources */,
				9851A9CE242B04E20047F646 /* Frameworks */,
				9851A9CF242B04E20047F646 /* Resources */,
			);
			buildRules = (
			);
			dependencies = (
			);
			name = "Casale Ballot Project";
			productName = "Casale Ballot Project";
			productReference = 9851A9D1242B04E30047F646 /* Casale Ballot Project.app */;
			productType = "com.apple.product-type.application";
		};
		9851A9E6242B04E40047F646 /* Casale Ballot ProjectTests */ = {
			isa = PBXNativeTarget;
			buildConfigurationList = 9851A9FE242B04E40047F646 /* Build configuration list for PBXNativeTarget "Casale Ballot ProjectTests" */;
			buildPhases = (
				9851A9E3242B04E40047F646 /* Sources */,
				9851A9E4242B04E40047F646 /* Frameworks */,
				9851A9E5242B04E40047F646 /* Resources */,
			);
			buildRules = (
			);
			dependencies = (
				9851A9E9242B04E40047F646 /* PBXTargetDependency */,
			);
			name = "Casale Ballot ProjectTests";
			productName = "Casale Ballot ProjectTests";
			productReference = 9851A9E7242B04E40047F646 /* Casale Ballot ProjectTests.xctest */;
			productType = "com.apple.product-type.bundle.unit-test";
		};
		9851A9F1242B04E40047F646 /* Casale Ballot ProjectUITests */ = {
			isa = PBXNativeTarget;
			buildConfigurationList = 9851AA01242B04E40047F646 /* Build configuration list for PBXNativeTarget "Casale Ballot ProjectUITests" */;
			buildPhases = (
				9851A9EE242B04E40047F646 /* Sources */,
				9851A9EF242B04E40047F646 /* Frameworks */,
				9851A9F0242B04E40047F646 /* Resources */,
			);
			buildRules = (
			);
			dependencies = (
				9851A9F4242B04E40047F646 /* PBXTargetDependency */,
			);
			name = "Casale Ballot ProjectUITests";
			productName = "Casale Ballot ProjectUITests";
			productReference = 9851A9F2242B04E40047F646 /* Casale Ballot ProjectUITests.xctest */;
			productType = "com.apple.product-type.bundle.ui-testing";
		};
/* End PBXNativeTarget section */

/* Begin PBXProject section */
		9851A9C9242B04E20047F646 /* Project object */ = {
			isa = PBXProject;
			attributes = {
				LastSwiftUpdateCheck = 1130;
				LastUpgradeCheck = 1130;
				ORGANIZATIONNAME = "Amy Casale";
				TargetAttributes = {
					9851A9D0242B04E20047F646 = {
						CreatedOnToolsVersion = 11.3.1;
					};
					9851A9E6242B04E40047F646 = {
						CreatedOnToolsVersion = 11.3.1;
						TestTargetID = 9851A9D0242B04E20047F646;
					};
					9851A9F1242B04E40047F646 = {
						CreatedOnToolsVersion = 11.3.1;
						TestTargetID = 9851A9D0242B04E20047F646;
					};
				};
			};
			buildConfigurationList = 9851A9CC242B04E20047F646 /* Build configuration list for PBXProject "Casale Ballot Project" */;
			compatibilityVersion = "Xcode 9.3";
			developmentRegion = en;
			hasScannedForEncodings = 0;
			knownRegions = (
				en,
				Base,
			);
			mainGroup = 9851A9C8242B04E20047F646;
			productRefGroup = 9851A9D2242B04E30047F646 /* Products */;
			projectDirPath = "";
			projectRoot = "";
			targets = (
				9851A9D0242B04E20047F646 /* Casale Ballot Project */,
				9851A9E6242B04E40047F646 /* Casale Ballot ProjectTests */,
				9851A9F1242B04E40047F646 /* Casale Ballot ProjectUITests */,
			);
		};
/* End PBXProject section */

/* Begin PBXResourcesBuildPhase section */
		9851A9CF242B04E20047F646 /* Resources */ = {
			isa = PBXResourcesBuildPhase;
			buildActionMask = 2147483647;
			files = (
				9851A9E1242B04E40047F646 /* LaunchScreen.storyboard in Resources */,
				9851A9DE242B04E40047F646 /* Assets.xcassets in Resources */,
				9851A9DC242B04E30047F646 /* Main.storyboard in Resources */,
			);
			runOnlyForDeploymentPostprocessing = 0;
		};
		9851A9E5242B04E40047F646 /* Resources */ = {
			isa = PBXResourcesBuildPhase;
			buildActionMask = 2147483647;
			files = (
			);
			runOnlyForDeploymentPostprocessing = 0;
		};
		9851A9F0242B04E40047F646 /* Resources */ = {
			isa = PBXResourcesBuildPhase;
			buildActionMask = 2147483647;
			files = (
			);
			runOnlyForDeploymentPostprocessing = 0;
		};
/* End PBXResourcesBuildPhase section */

/* Begin PBXSourcesBuildPhase section */
		9851A9CD242B04E20047F646 /* Sources */ = {
			isa = PBXSourcesBuildPhase;
			buildActionMask = 2147483647;
			files = (
				9851A9D9242B04E30047F646 /* ViewController.swift in Sources */,
				9851A9D5242B04E30047F646 /* AppDelegate.swift in Sources */,
				9851A9D7242B04E30047F646 /* SceneDelegate.swift in Sources */,
			);
			runOnlyForDeploymentPostprocessing = 0;
		};
		9851A9E3242B04E40047F646 /* Sources */ = {
			isa = PBXSourcesBuildPhase;
			buildActionMask = 2147483647;
			files = (
				9851A9EC242B04E40047F646 /* Casale_Ballot_ProjectTests.swift in Sources */,
			);
			runOnlyForDeploymentPostprocessing = 0;
		};
		9851A9EE242B04E40047F646 /* Sources */ = {
			isa = PBXSourcesBuildPhase;
			buildActionMask = 2147483647;
			files = (
				9851A9F7242B04E40047F646 /* Casale_Ballot_ProjectUITests.swift in Sources */,
			);
			runOnlyForDeploymentPostprocessing = 0;
		};
/* End PBXSourcesBuildPhase section */

/* Begin PBXTargetDependency section */
		9851A9E9242B04E40047F646 /* PBXTargetDependency */ = {
			isa = PBXTargetDependency;
			target = 9851A9D0242B04E20047F646 /* Casale Ballot Project */;
			targetProxy = 9851A9E8242B04E40047F646 /* PBXContainerItemProxy */;
		};
		9851A9F4242B04E40047F646 /* PBXTargetDependency */ = {
			isa = PBXTargetDependency;
			target = 9851A9D0242B04E20047F646 /* Casale Ballot Project */;
			targetProxy = 9851A9F3242B04E40047F646 /* PBXContainerItemProxy */;
		};
/* End PBXTargetDependency section */

/* Begin PBXVariantGroup section */
		9851A9DA242B04E30047F646 /* Main.storyboard */ = {
			isa = PBXVariantGroup;
			children = (
				9851A9DB242B04E30047F646 /* Base */,
			);
			name = Main.storyboard;
			sourceTree = "<group>";
		};
		9851A9DF242B04E40047F646 /* LaunchScreen.storyboard */ = {
			isa = PBXVariantGroup;
			children = (
				9851A9E0242B04E40047F646 /* Base */,
			);
			name = LaunchScreen.storyboard;
			sourceTree = "<group>";
		};
/* End PBXVariantGroup section */

/* Begin XCBuildConfiguration section */
		9851A9F9242B04E40047F646 /* Debug */ = {
			isa = XCBuildConfiguration;
			buildSettings = {
				ALWAYS_SEARCH_USER_PATHS = NO;
				CLANG_ANALYZER_NONNULL = YES;
				CLANG_ANALYZER_NUMBER_OBJECT_CONVERSION = YES_AGGRESSIVE;
				CLANG_CXX_LANGUAGE_STANDARD = "gnu++14";
				CLANG_CXX_LIBRARY = "libc++";
				CLANG_ENABLE_MODULES = YES;
				CLANG_ENABLE_OBJC_ARC = YES;
				CLANG_ENABLE_OBJC_WEAK = YES;
				CLANG_WARN_BLOCK_CAPTURE_AUTORELEASING = YES;
				CLANG_WARN_BOOL_CONVERSION = YES;
				CLANG_WARN_COMMA = YES;
				CLANG_WARN_CONSTANT_CONVERSION = YES;
				CLANG_WARN_DEPRECATED_OBJC_IMPLEMENTATIONS = YES;
				CLANG_WARN_DIRECT_OBJC_ISA_USAGE = YES_ERROR;
				CLANG_WARN_DOCUMENTATION_COMMENTS = YES;
				CLANG_WARN_EMPTY_BODY = YES;
				CLANG_WARN_ENUM_CONVERSION = YES;
				CLANG_WARN_INFINITE_RECURSION = YES;
				CLANG_WARN_INT_CONVERSION = YES;
				CLANG_WARN_NON_LITERAL_NULL_CONVERSION = YES;
				CLANG_WARN_OBJC_IMPLICIT_RETAIN_SELF = YES;
				CLANG_WARN_OBJC_LITERAL_CONVERSION = YES;
				CLANG_WARN_OBJC_ROOT_CLASS = YES_ERROR;
				CLANG_WARN_RANGE_LOOP_ANALYSIS = YES;
				CLANG_WARN_STRICT_PROTOTYPES = YES;
				CLANG_WARN_SUSPICIOUS_MOVE = YES;
				CLANG_WARN_UNGUARDED_AVAILABILITY = YES_AGGRESSIVE;
				CLANG_WARN_UNREACHABLE_CODE = YES;
				CLANG_WARN__DUPLICATE_METHOD_MATCH = YES;
				COPY_PHASE_STRIP = NO;
				DEBUG_INFORMATION_FORMAT = dwarf;
				ENABLE_STRICT_OBJC_MSGSEND = YES;
				ENABLE_TESTABILITY = YES;
				GCC_C_LANGUAGE_STANDARD = gnu11;
				GCC_DYNAMIC_NO_PIC = NO;
				GCC_NO_COMMON_BLOCKS = YES;
				GCC_OPTIMIZATION_LEVEL = 0;
				GCC_PREPROCESSOR_DEFINITIONS = (
					"DEBUG=1",
					"$(inherited)",
				);
				GCC_WARN_64_TO_32_BIT_CONVERSION = YES;
				GCC_WARN_ABOUT_RETURN_TYPE = YES_ERROR;
				GCC_WARN_UNDECLARED_SELECTOR = YES;
				GCC_WARN_UNINITIALIZED_AUTOS = YES_AGGRESSIVE;
				GCC_WARN_UNUSED_FUNCTION = YES;
				GCC_WARN_UNUSED_VARIABLE = YES;
				IPHONEOS_DEPLOYMENT_TARGET = 13.2;
				MTL_ENABLE_DEBUG_INFO = INCLUDE_SOURCE;
				MTL_FAST_MATH = YES;
				ONLY_ACTIVE_ARCH = YES;
				SDKROOT = iphoneos;
				SWIFT_ACTIVE_COMPILATION_CONDITIONS = DEBUG;
				SWIFT_OPTIMIZATION_LEVEL = "-Onone";
			};
			name = Debug;
		};
		9851A9FA242B04E40047F646 /* Release */ = {
			isa = XCBuildConfiguration;
			buildSettings = {
				ALWAYS_SEARCH_USER_PATHS = NO;
				CLANG_ANALYZER_NONNULL = YES;
				CLANG_ANALYZER_NUMBER_OBJECT_CONVERSION = YES_AGGRESSIVE;
				CLANG_CXX_LANGUAGE_STANDARD = "gnu++14";
				CLANG_CXX_LIBRARY = "libc++";
				CLANG_ENABLE_MODULES = YES;
				CLANG_ENABLE_OBJC_ARC = YES;
				CLANG_ENABLE_OBJC_WEAK = YES;
				CLANG_WARN_BLOCK_CAPTURE_AUTORELEASING = YES;
				CLANG_WARN_BOOL_CONVERSION = YES;
				CLANG_WARN_COMMA = YES;
				CLANG_WARN_CONSTANT_CONVERSION = YES;
				CLANG_WARN_DEPRECATED_OBJC_IMPLEMENTATIONS = YES;
				CLANG_WARN_DIRECT_OBJC_ISA_USAGE = YES_ERROR;
				CLANG_WARN_DOCUMENTATION_COMMENTS = YES;
				CLANG_WARN_EMPTY_BODY = YES;
				CLANG_WARN_ENUM_CONVERSION = YES;
				CLANG_WARN_INFINITE_RECURSION = YES;
				CLANG_WARN_INT_CONVERSION = YES;
				CLANG_WARN_NON_LITERAL_NULL_CONVERSION = YES;
				CLANG_WARN_OBJC_IMPLICIT_RETAIN_SELF = YES;
				CLANG_WARN_OBJC_LITERAL_CONVERSION = YES;
				CLANG_WARN_OBJC_ROOT_CLASS = YES_ERROR;
				CLANG_WARN_RANGE_LOOP_ANALYSIS = YES;
				CLANG_WARN_STRICT_PROTOTYPES = YES;
				CLANG_WARN_SUSPICIOUS_MOVE = YES;
				CLANG_WARN_UNGUARDED_AVAILABILITY = YES_AGGRESSIVE;
				CLANG_WARN_UNREACHABLE_CODE = YES;
				CLANG_WARN__DUPLICATE_METHOD_MATCH = YES;
				COPY_PHASE_STRIP = NO;
				DEBUG_INFORMATION_FORMAT = "dwarf-with-dsym";
				ENABLE_NS_ASSERTIONS = NO;
				ENABLE_STRICT_OBJC_MSGSEND = YES;
				GCC_C_LANGUAGE_STANDARD = gnu11;
				GCC_NO_COMMON_BLOCKS = YES;
				GCC_WARN_64_TO_32_BIT_CONVERSION = YES;
				GCC_WARN_ABOUT_RETURN_TYPE = YES_ERROR;
				GCC_WARN_UNDECLARED_SELECTOR = YES;
				GCC_WARN_UNINITIALIZED_AUTOS = YES_AGGRESSIVE;
				GCC_WARN_UNUSED_FUNCTION = YES;
				GCC_WARN_UNUSED_VARIABLE = YES;
				IPHONEOS_DEPLOYMENT_TARGET = 13.2;
				MTL_ENABLE_DEBUG_INFO = NO;
				MTL_FAST_MATH = YES;
				SDKROOT = iphoneos;
				SWIFT_COMPILATION_MODE = wholemodule;
				SWIFT_OPTIMIZATION_LEVEL = "-O";
				VALIDATE_PRODUCT = YES;
			};
			name = Release;
		};
		9851A9FC242B04E40047F646 /* Debug */ = {
			isa = XCBuildConfiguration;
			buildSettings = {
				ASSETCATALOG_COMPILER_APPICON_NAME = AppIcon;
				CODE_SIGN_STYLE = Automatic;
				DEVELOPMENT_TEAM = D3LT59KJ27;
				INFOPLIST_FILE = "Casale Ballot Project/Info.plist";
				LD_RUNPATH_SEARCH_PATHS = (
					"$(inherited)",
					"@executable_path/Frameworks",
				);
				PRODUCT_BUNDLE_IDENTIFIER = "Amy-Casale.Casale-Ballot-Project";
				PRODUCT_NAME = "$(TARGET_NAME)";
				SWIFT_VERSION = 5.0;
				TARGETED_DEVICE_FAMILY = "1,2";
			};
			name = Debug;
		};
		9851A9FD242B04E40047F646 /* Release */ = {
			isa = XCBuildConfiguration;
			buildSettings = {
				ASSETCATALOG_COMPILER_APPICON_NAME = AppIcon;
				CODE_SIGN_STYLE = Automatic;
				DEVELOPMENT_TEAM = D3LT59KJ27;
				INFOPLIST_FILE = "Casale Ballot Project/Info.plist";
				LD_RUNPATH_SEARCH_PATHS = (
					"$(inherited)",
					"@executable_path/Frameworks",
				);
				PRODUCT_BUNDLE_IDENTIFIER = "Amy-Casale.Casale-Ballot-Project";
				PRODUCT_NAME = "$(TARGET_NAME)";
				SWIFT_VERSION = 5.0;
				TARGETED_DEVICE_FAMILY = "1,2";
			};
			name = Release;
		};
		9851A9FF242B04E40047F646 /* Debug */ = {
			isa = XCBuildConfiguration;
			buildSettings = {
				ALWAYS_EMBED_SWIFT_STANDARD_LIBRARIES = YES;
				BUNDLE_LOADER = "$(TEST_HOST)";
				CODE_SIGN_STYLE = Automatic;
				DEVELOPMENT_TEAM = D3LT59KJ27;
				INFOPLIST_FILE = "Casale Ballot ProjectTests/Info.plist";
				IPHONEOS_DEPLOYMENT_TARGET = 13.2;
				LD_RUNPATH_SEARCH_PATHS = (
					"$(inherited)",
					"@executable_path/Frameworks",
					"@loader_path/Frameworks",
				);
				PRODUCT_BUNDLE_IDENTIFIER = "Amy-Casale.Casale-Ballot-ProjectTests";
				PRODUCT_NAME = "$(TARGET_NAME)";
				SWIFT_VERSION = 5.0;
				TARGETED_DEVICE_FAMILY = "1,2";
				TEST_HOST = "$(BUILT_PRODUCTS_DIR)/Casale Ballot Project.app/Casale Ballot Project";
			};
			name = Debug;
		};
		9851AA00242B04E40047F646 /* Release */ = {
			isa = XCBuildConfiguration;
			buildSettings = {
				ALWAYS_EMBED_SWIFT_STANDARD_LIBRARIES = YES;
				BUNDLE_LOADER = "$(TEST_HOST)";
				CODE_SIGN_STYLE = Automatic;
				DEVELOPMENT_TEAM = D3LT59KJ27;
				INFOPLIST_FILE = "Casale Ballot ProjectTests/Info.plist";
				IPHONEOS_DEPLOYMENT_TARGET = 13.2;
				LD_RUNPATH_SEARCH_PATHS = (
					"$(inherited)",
					"@executable_path/Frameworks",
					"@loader_path/Frameworks",
				);
				PRODUCT_BUNDLE_IDENTIFIER = "Amy-Casale.Casale-Ballot-ProjectTests";
				PRODUCT_NAME = "$(TARGET_NAME)";
				SWIFT_VERSION = 5.0;
				TARGETED_DEVICE_FAMILY = "1,2";
				TEST_HOST = "$(BUILT_PRODUCTS_DIR)/Casale Ballot Project.app/Casale Ballot Project";
			};
			name = Release;
		};
		9851AA02242B04E40047F646 /* Debug */ = {
			isa = XCBuildConfiguration;
			buildSettings = {
				ALWAYS_EMBED_SWIFT_STANDARD_LIBRARIES = YES;
				CODE_SIGN_STYLE = Automatic;
				DEVELOPMENT_TEAM = D3LT59KJ27;
				INFOPLIST_FILE = "Casale Ballot ProjectUITests/Info.plist";
				LD_RUNPATH_SEARCH_PATHS = (
					"$(inherited)",
					"@executable_path/Frameworks",
					"@loader_path/Frameworks",
				);
				PRODUCT_BUNDLE_IDENTIFIER = "Amy-Casale.Casale-Ballot-ProjectUITests";
				PRODUCT_NAME = "$(TARGET_NAME)";
				SWIFT_VERSION = 5.0;
				TARGETED_DEVICE_FAMILY = "1,2";
				TEST_TARGET_NAME = "Casale Ballot Project";
			};
			name = Debug;
		};
		9851AA03242B04E40047F646 /* Release */ = {
			isa = XCBuildConfiguration;
			buildSettings = {
				ALWAYS_EMBED_SWIFT_STANDARD_LIBRARIES = YES;
				CODE_SIGN_STYLE = Automatic;
				DEVELOPMENT_TEAM = D3LT59KJ27;
				INFOPLIST_FILE = "Casale Ballot ProjectUITests/Info.plist";
				LD_RUNPATH_SEARCH_PATHS = (
					"$(inherited)",
					"@executable_path/Frameworks",
					"@loader_path/Frameworks",
				);
				PRODUCT_BUNDLE_IDENTIFIER = "Amy-Casale.Casale-Ballot-ProjectUITests";
				PRODUCT_NAME = "$(TARGET_NAME)";
				SWIFT_VERSION = 5.0;
				TARGETED_DEVICE_FAMILY = "1,2";
				TEST_TARGET_NAME = "Casale Ballot Project";
			};
			name = Release;
		};
/* End XCBuildConfiguration section */

/* Begin XCConfigurationList section */
		9851A9CC242B04E20047F646 /* Build configuration list for PBXProject "Casale Ballot Project" */ = {
			isa = XCConfigurationList;
			buildConfigurations = (
				9851A9F9242B04E40047F646 /* Debug */,
				9851A9FA242B04E40047F646 /* Release */,
			);
			defaultConfigurationIsVisible = 0;
			defaultConfigurationName = Release;
		};
		9851A9FB242B04E40047F646 /* Build configuration list for PBXNativeTarget "Casale Ballot Project" */ = {
			isa = XCConfigurationList;
			buildConfigurations = (
				9851A9FC242B04E40047F646 /* Debug */,
				9851A9FD242B04E40047F646 /* Release */,
			);
			defaultConfigurationIsVisible = 0;
			defaultConfigurationName = Release;
		};
		9851A9FE242B04E40047F646 /* Build configuration list for PBXNativeTarget "Casale Ballot ProjectTests" */ = {
			isa = XCConfigurationList;
			buildConfigurations = (
				9851A9FF242B04E40047F646 /* Debug */,
				9851AA00242B04E40047F646 /* Release */,
			);
			defaultConfigurationIsVisible = 0;
			defaultConfigurationName = Release;
		};
		9851AA01242B04E40047F646 /* Build configuration list for PBXNativeTarget "Casale Ballot ProjectUITests" */ = {
			isa = XCConfigurationList;
			buildConfigurations = (
				9851AA02242B04E40047F646 /* Debug */,
				9851AA03242B04E40047F646 /* Release */,
			);
			defaultConfigurationIsVisible = 0;
			defaultConfigurationName = Release;
		};
/* End XCConfigurationList section */
	};
	rootObject = 9851A9C9242B04E20047F646 /* Project object */;
}
